// !$*UTF8*$!
{
	archiveVersion = 1;
	classes = {
	};
	objectVersion = 51;
	objects = {

/* Begin PBXBuildFile section */
		1E74CBED24D4722E00B9952B /* AppDelegate.swift in Sources */ = {isa = PBXBuildFile; fileRef = 1E74CBEC24D4722E00B9952B /* AppDelegate.swift */; };
		1E74CBEF24D4722E00B9952B /* SceneDelegate.swift in Sources */ = {isa = PBXBuildFile; fileRef = 1E74CBEE24D4722E00B9952B /* SceneDelegate.swift */; };
		1E74CBF224D4722E00B9952B /* davidChat.xcdatamodeld in Sources */ = {isa = PBXBuildFile; fileRef = 1E74CBF024D4722E00B9952B /* davidChat.xcdatamodeld */; };
		1E74CBF424D4722E00B9952B /* ContentView.swift in Sources */ = {isa = PBXBuildFile; fileRef = 1E74CBF324D4722E00B9952B /* ContentView.swift */; };
		1E74CBF624D4723000B9952B /* Assets.xcassets in Resources */ = {isa = PBXBuildFile; fileRef = 1E74CBF524D4723000B9952B /* Assets.xcassets */; };
		1E74CBF924D4723000B9952B /* Preview Assets.xcassets in Resources */ = {isa = PBXBuildFile; fileRef = 1E74CBF824D4723000B9952B /* Preview Assets.xcassets */; };
		1E74CBFC24D4723000B9952B /* LaunchScreen.storyboard in Resources */ = {isa = PBXBuildFile; fileRef = 1E74CBFA24D4723000B9952B /* LaunchScreen.storyboard */; };
		1E74CC0824D4781000B9952B /* GoogleService-Info.plist in Resources */ = {isa = PBXBuildFile; fileRef = 1E74CC0724D4781000B9952B /* GoogleService-Info.plist */; };
		1E74CC0D24D47CAA00B9952B /* LoginView.swift in Sources */ = {isa = PBXBuildFile; fileRef = 1E74CC0C24D47CAA00B9952B /* LoginView.swift */; };
		1E80094324D7472800A07130 /* ScrollManagerView.swift in Sources */ = {isa = PBXBuildFile; fileRef = 1E80094224D7472800A07130 /* ScrollManagerView.swift */; };
		1EA2FFF324D6101500FF2BD2 /* MessagesView.swift in Sources */ = {isa = PBXBuildFile; fileRef = 1EA2FFF224D6101500FF2BD2 /* MessagesView.swift */; };
		1EA2FFF524D65A3000FF2BD2 /* MyMessageBubble.swift in Sources */ = {isa = PBXBuildFile; fileRef = 1EA2FFF424D65A3000FF2BD2 /* MyMessageBubble.swift */; };
		1EA2FFF724D65B6100FF2BD2 /* UserMessageBubble.swift in Sources */ = {isa = PBXBuildFile; fileRef = 1EA2FFF624D65B6100FF2BD2 /* UserMessageBubble.swift */; };
		1EA2FFF924D65C8500FF2BD2 /* MultilineTextView.swift in Sources */ = {isa = PBXBuildFile; fileRef = 1EA2FFF824D65C8500FF2BD2 /* MultilineTextView.swift */; };
		1EB09B8E24D47F6A0052D554 /* SignUpView.swift in Sources */ = {isa = PBXBuildFile; fileRef = 1EB09B8D24D47F6A0052D554 /* SignUpView.swift */; };
		1EB09B9024D486D90052D554 /* BlurView.swift in Sources */ = {isa = PBXBuildFile; fileRef = 1EB09B8F24D486D90052D554 /* BlurView.swift */; };
		1EB09B9224D487E80052D554 /* EmailTextField.swift in Sources */ = {isa = PBXBuildFile; fileRef = 1EB09B9124D487E80052D554 /* EmailTextField.swift */; };
		1EB09B9424D488B00052D554 /* PasswordTextField.swift in Sources */ = {isa = PBXBuildFile; fileRef = 1EB09B9324D488B00052D554 /* PasswordTextField.swift */; };
		1EB09B9624D5CC780052D554 /* ChatsView.swift in Sources */ = {isa = PBXBuildFile; fileRef = 1EB09B9524D5CC770052D554 /* ChatsView.swift */; };
		1EB09B9B24D5CE1D0052D554 /* Message.swift in Sources */ = {isa = PBXBuildFile; fileRef = 1EB09B9A24D5CE1D0052D554 /* Message.swift */; };
		1EB09B9D24D5D0630052D554 /* Chat.swift in Sources */ = {isa = PBXBuildFile; fileRef = 1EB09B9C24D5D0630052D554 /* Chat.swift */; };
		1EB09B9F24D5D0AE0052D554 /* FirestoreManager.swift in Sources */ = {isa = PBXBuildFile; fileRef = 1EB09B9E24D5D0AE0052D554 /* FirestoreManager.swift */; };
		1EB09BA124D5D41E0052D554 /* LoginManager.swift in Sources */ = {isa = PBXBuildFile; fileRef = 1EB09BA024D5D41E0052D554 /* LoginManager.swift */; };
		1EB09BA324D5D6AB0052D554 /* MessageManager.swift in Sources */ = {isa = PBXBuildFile; fileRef = 1EB09BA224D5D6AB0052D554 /* MessageManager.swift */; };
		1EDFB76424D60B2400D39B64 /* SettingsView.swift in Sources */ = {isa = PBXBuildFile; fileRef = 1EDFB76324D60B2400D39B64 /* SettingsView.swift */; };
		B71CF9CE6ED180A45E1B5B88 /* Pods_davidChat.framework in Frameworks */ = {isa = PBXBuildFile; fileRef = 77DAB260902BB176871F1F2D /* Pods_davidChat.framework */; };
/* End PBXBuildFile section */

/* Begin PBXFileReference section */
		18B9DBFFA508BE8856A6C56A /* Pods-davidChat.release.xcconfig */ = {isa = PBXFileReference; includeInIndex = 1; lastKnownFileType = text.xcconfig; name = "Pods-davidChat.release.xcconfig"; path = "Target Support Files/Pods-davidChat/Pods-davidChat.release.xcconfig"; sourceTree = "<group>"; };
		1E74CBE924D4722E00B9952B /* davidChat.app */ = {isa = PBXFileReference; explicitFileType = wrapper.application; includeInIndex = 0; path = davidChat.app; sourceTree = BUILT_PRODUCTS_DIR; };
		1E74CBEC24D4722E00B9952B /* AppDelegate.swift */ = {isa = PBXFileReference; lastKnownFileType = sourcecode.swift; path = AppDelegate.swift; sourceTree = "<group>"; };
		1E74CBEE24D4722E00B9952B /* SceneDelegate.swift */ = {isa = PBXFileReference; lastKnownFileType = sourcecode.swift; path = SceneDelegate.swift; sourceTree = "<group>"; };
		1E74CBF124D4722E00B9952B /* davidChat.xcdatamodel */ = {isa = PBXFileReference; lastKnownFileType = wrapper.xcdatamodel; path = davidChat.xcdatamodel; sourceTree = "<group>"; };
		1E74CBF324D4722E00B9952B /* ContentView.swift */ = {isa = PBXFileReference; lastKnownFileType = sourcecode.swift; path = ContentView.swift; sourceTree = "<group>"; };
		1E74CBF524D4723000B9952B /* Assets.xcassets */ = {isa = PBXFileReference; lastKnownFileType = folder.assetcatalog; path = Assets.xcassets; sourceTree = "<group>"; };
		1E74CBF824D4723000B9952B /* Preview Assets.xcassets */ = {isa = PBXFileReference; lastKnownFileType = folder.assetcatalog; path = "Preview Assets.xcassets"; sourceTree = "<group>"; };
		1E74CBFB24D4723000B9952B /* Base */ = {isa = PBXFileReference; lastKnownFileType = file.storyboard; name = Base; path = Base.lproj/LaunchScreen.storyboard; sourceTree = "<group>"; };
		1E74CBFD24D4723000B9952B /* Info.plist */ = {isa = PBXFileReference; lastKnownFileType = text.plist.xml; path = Info.plist; sourceTree = "<group>"; };
		1E74CC0724D4781000B9952B /* GoogleService-Info.plist */ = {isa = PBXFileReference; fileEncoding = 4; lastKnownFileType = text.plist.xml; path = "GoogleService-Info.plist"; sourceTree = "<group>"; };
		1E74CC0C24D47CAA00B9952B /* LoginView.swift */ = {isa = PBXFileReference; lastKnownFileType = sourcecode.swift; path = LoginView.swift; sourceTree = "<group>"; };
		1E80094224D7472800A07130 /* ScrollManagerView.swift */ = {isa = PBXFileReference; lastKnownFileType = sourcecode.swift; path = ScrollManagerView.swift; sourceTree = "<group>"; };
		1EA2FFF224D6101500FF2BD2 /* MessagesView.swift */ = {isa = PBXFileReference; lastKnownFileType = sourcecode.swift; path = MessagesView.swift; sourceTree = "<group>"; };
		1EA2FFF424D65A3000FF2BD2 /* MyMessageBubble.swift */ = {isa = PBXFileReference; lastKnownFileType = sourcecode.swift; path = MyMessageBubble.swift; sourceTree = "<group>"; };
		1EA2FFF624D65B6100FF2BD2 /* UserMessageBubble.swift */ = {isa = PBXFileReference; lastKnownFileType = sourcecode.swift; path = UserMessageBubble.swift; sourceTree = "<group>"; };
		1EA2FFF824D65C8500FF2BD2 /* MultilineTextView.swift */ = {isa = PBXFileReference; fileEncoding = 4; lastKnownFileType = sourcecode.swift; path = MultilineTextView.swift; sourceTree = "<group>"; };
		1EB09B8D24D47F6A0052D554 /* SignUpView.swift */ = {isa = PBXFileReference; lastKnownFileType = sourcecode.swift; path = SignUpView.swift; sourceTree = "<group>"; };
		1EB09B8F24D486D90052D554 /* BlurView.swift */ = {isa = PBXFileReference; fileEncoding = 4; lastKnownFileType = sourcecode.swift; path = BlurView.swift; sourceTree = "<group>"; };
		1EB09B9124D487E80052D554 /* EmailTextField.swift */ = {isa = PBXFileReference; lastKnownFileType = sourcecode.swift; path = EmailTextField.swift; sourceTree = "<group>"; };
		1EB09B9324D488B00052D554 /* PasswordTextField.swift */ = {isa = PBXFileReference; lastKnownFileType = sourcecode.swift; path = PasswordTextField.swift; sourceTree = "<group>"; };
		1EB09B9524D5CC770052D554 /* ChatsView.swift */ = {isa = PBXFileReference; lastKnownFileType = sourcecode.swift; path = ChatsView.swift; sourceTree = "<group>"; };
		1EB09B9A24D5CE1D0052D554 /* Message.swift */ = {isa = PBXFileReference; lastKnownFileType = sourcecode.swift; path = Message.swift; sourceTree = "<group>"; };
		1EB09B9C24D5D0630052D554 /* Chat.swift */ = {isa = PBXFileReference; lastKnownFileType = sourcecode.swift; path = Chat.swift; sourceTree = "<group>"; };
		1EB09B9E24D5D0AE0052D554 /* FirestoreManager.swift */ = {isa = PBXFileReference; lastKnownFileType = sourcecode.swift; path = FirestoreManager.swift; sourceTree = "<group>"; };
		1EB09BA024D5D41E0052D554 /* LoginManager.swift */ = {isa = PBXFileReference; lastKnownFileType = sourcecode.swift; path = LoginManager.swift; sourceTree = "<group>"; };
		1EB09BA224D5D6AB0052D554 /* MessageManager.swift */ = {isa = PBXFileReference; lastKnownFileType = sourcecode.swift; path = MessageManager.swift; sourceTree = "<group>"; };
		1EDFB76324D60B2400D39B64 /* SettingsView.swift */ = {isa = PBXFileReference; lastKnownFileType = sourcecode.swift; path = SettingsView.swift; sourceTree = "<group>"; };
		39AF6A403419C10FBC936057 /* Pods-davidChat.debug.xcconfig */ = {isa = PBXFileReference; includeInIndex = 1; lastKnownFileType = text.xcconfig; name = "Pods-davidChat.debug.xcconfig"; path = "Target Support Files/Pods-davidChat/Pods-davidChat.debug.xcconfig"; sourceTree = "<group>"; };
		77DAB260902BB176871F1F2D /* Pods_davidChat.framework */ = {isa = PBXFileReference; explicitFileType = wrapper.framework; includeInIndex = 0; path = Pods_davidChat.framework; sourceTree = BUILT_PRODUCTS_DIR; };
/* End PBXFileReference section */

/* Begin PBXFrameworksBuildPhase section */
		1E74CBE624D4722E00B9952B /* Frameworks */ = {
			isa = PBXFrameworksBuildPhase;
			buildActionMask = 2147483647;
			files = (
				B71CF9CE6ED180A45E1B5B88 /* Pods_davidChat.framework in Frameworks */,
			);
			runOnlyForDeploymentPostprocessing = 0;
		};
/* End PBXFrameworksBuildPhase section */

/* Begin PBXGroup section */
		1E74CBE024D4722E00B9952B = {
			isa = PBXGroup;
			children = (
				1E74CBEB24D4722E00B9952B /* davidChat */,
				1E74CBEA24D4722E00B9952B /* Products */,
				C28EED1E5B84DE90B7CA1905 /* Pods */,
				D121CDCC50AC5B97C8EC6C66 /* Frameworks */,
			);
			sourceTree = "<group>";
		};
		1E74CBEA24D4722E00B9952B /* Products */ = {
			isa = PBXGroup;
			children = (
				1E74CBE924D4722E00B9952B /* davidChat.app */,
			);
			name = Products;
			sourceTree = "<group>";
		};
		1E74CBEB24D4722E00B9952B /* davidChat */ = {
			isa = PBXGroup;
			children = (
				1E74CBEC24D4722E00B9952B /* AppDelegate.swift */,
				1E74CBEE24D4722E00B9952B /* SceneDelegate.swift */,
				1EB09B9924D5CE130052D554 /* ViewModels */,
				1EB09B9824D5CE0D0052D554 /* Models */,
				1E74CC0924D47C8600B9952B /* Views */,
				1E74CBF524D4723000B9952B /* Assets.xcassets */,
				1E74CBFA24D4723000B9952B /* LaunchScreen.storyboard */,
				1E74CBFD24D4723000B9952B /* Info.plist */,
				1E74CC0724D4781000B9952B /* GoogleService-Info.plist */,
				1E74CBF024D4722E00B9952B /* davidChat.xcdatamodeld */,
				1E74CBF724D4723000B9952B /* Preview Content */,
			);
			path = davidChat;
			sourceTree = "<group>";
		};
		1E74CBF724D4723000B9952B /* Preview Content */ = {
			isa = PBXGroup;
			children = (
				1E74CBF824D4723000B9952B /* Preview Assets.xcassets */,
			);
			path = "Preview Content";
			sourceTree = "<group>";
		};
		1E74CC0924D47C8600B9952B /* Views */ = {
			isa = PBXGroup;
			children = (
				1EA2FFF824D65C8500FF2BD2 /* MultilineTextView.swift */,
				1EB09B8F24D486D90052D554 /* BlurView.swift */,
				1EDFB76224D60B1B00D39B64 /* SettingsView */,
				1E74CC0A24D47C9300B9952B /* ContentView */,
				1EB09B8C24D47F5B0052D554 /* SignUpView */,
				1E74CC0B24D47C9F00B9952B /* LoginView */,
				1EB09B9724D5CC7E0052D554 /* ChatsView */,
				1EA2FFF124D60FDD00FF2BD2 /* MessagesView */,
			);
			path = Views;
			sourceTree = "<group>";
		};
		1E74CC0A24D47C9300B9952B /* ContentView */ = {
			isa = PBXGroup;
			children = (
				1E74CBF324D4722E00B9952B /* ContentView.swift */,
			);
			path = ContentView;
			sourceTree = "<group>";
		};
		1E74CC0B24D47C9F00B9952B /* LoginView */ = {
			isa = PBXGroup;
			children = (
				1E74CC0C24D47CAA00B9952B /* LoginView.swift */,
			);
			path = LoginView;
			sourceTree = "<group>";
		};
		1EA2FFF124D60FDD00FF2BD2 /* MessagesView */ = {
			isa = PBXGroup;
			children = (
				1EA2FFF224D6101500FF2BD2 /* MessagesView.swift */,
				1E80094224D7472800A07130 /* ScrollManagerView.swift */,
				1EA2FFF624D65B6100FF2BD2 /* UserMessageBubble.swift */,
				1EA2FFF424D65A3000FF2BD2 /* MyMessageBubble.swift */,
			);
			path = MessagesView;
			sourceTree = "<group>";
		};
		1EB09B8C24D47F5B0052D554 /* SignUpView */ = {
			isa = PBXGroup;
			children = (
				1EB09B8D24D47F6A0052D554 /* SignUpView.swift */,
				1EB09B9324D488B00052D554 /* PasswordTextField.swift */,
				1EB09B9124D487E80052D554 /* EmailTextField.swift */,
			);
			path = SignUpView;
			sourceTree = "<group>";
		};
		1EB09B9724D5CC7E0052D554 /* ChatsView */ = {
			isa = PBXGroup;
			children = (
				1EB09B9524D5CC770052D554 /* ChatsView.swift */,
			);
			path = ChatsView;
			sourceTree = "<group>";
		};
		1EB09B9824D5CE0D0052D554 /* Models */ = {
			isa = PBXGroup;
			children = (
				1EB09B9A24D5CE1D0052D554 /* Message.swift */,
				1EB09B9C24D5D0630052D554 /* Chat.swift */,
				1EB09B9E24D5D0AE0052D554 /* FirestoreManager.swift */,
			);
			path = Models;
			sourceTree = "<group>";
		};
		1EB09B9924D5CE130052D554 /* ViewModels */ = {
			isa = PBXGroup;
			children = (
				1EB09BA024D5D41E0052D554 /* LoginManager.swift */,
				1EB09BA224D5D6AB0052D554 /* MessageManager.swift */,
			);
			path = ViewModels;
			sourceTree = "<group>";
		};
		1EDFB76224D60B1B00D39B64 /* SettingsView */ = {
			isa = PBXGroup;
			children = (
				1EDFB76324D60B2400D39B64 /* SettingsView.swift */,
			);
			path = SettingsView;
			sourceTree = "<group>";
		};
		C28EED1E5B84DE90B7CA1905 /* Pods */ = {
			isa = PBXGroup;
			children = (
				39AF6A403419C10FBC936057 /* Pods-davidChat.debug.xcconfig */,
				18B9DBFFA508BE8856A6C56A /* Pods-davidChat.release.xcconfig */,
			);
			path = Pods;
			sourceTree = "<group>";
		};
		D121CDCC50AC5B97C8EC6C66 /* Frameworks */ = {
			isa = PBXGroup;
			children = (
				77DAB260902BB176871F1F2D /* Pods_davidChat.framework */,
			);
			name = Frameworks;
			sourceTree = "<group>";
		};
/* End PBXGroup section */

/* Begin PBXNativeTarget section */
		1E74CBE824D4722E00B9952B /* davidChat */ = {
			isa = PBXNativeTarget;
			buildConfigurationList = 1E74CC0024D4723000B9952B /* Build configuration list for PBXNativeTarget "davidChat" */;
			buildPhases = (
				708FF1F88EEB06C6E91896C9 /* [CP] Check Pods Manifest.lock */,
				1E74CBE524D4722E00B9952B /* Sources */,
				1E74CBE624D4722E00B9952B /* Frameworks */,
				1E74CBE724D4722E00B9952B /* Resources */,
				6EA5682651F9C48BB757D5DE /* [CP] Embed Pods Frameworks */,
			);
			buildRules = (
			);
			dependencies = (
			);
			name = davidChat;
			productName = davidChat;
			productReference = 1E74CBE924D4722E00B9952B /* davidChat.app */;
			productType = "com.apple.product-type.application";
		};
/* End PBXNativeTarget section */

/* Begin PBXProject section */
		1E74CBE124D4722E00B9952B /* Project object */ = {
			isa = PBXProject;
			attributes = {
				LastSwiftUpdateCheck = 1160;
				LastUpgradeCheck = 1160;
				ORGANIZATIONNAME = "David Rozmajzl";
				TargetAttributes = {
					1E74CBE824D4722E00B9952B = {
						CreatedOnToolsVersion = 11.6;
					};
				};
			};
			buildConfigurationList = 1E74CBE424D4722E00B9952B /* Build configuration list for PBXProject "davidChat" */;
			compatibilityVersion = "Xcode 9.3";
			developmentRegion = en;
			hasScannedForEncodings = 0;
			knownRegions = (
				en,
				Base,
			);
			mainGroup = 1E74CBE024D4722E00B9952B;
			productRefGroup = 1E74CBEA24D4722E00B9952B /* Products */;
			projectDirPath = "";
			projectRoot = "";
			targets = (
				1E74CBE824D4722E00B9952B /* davidChat */,
			);
		};
/* End PBXProject section */

/* Begin PBXResourcesBuildPhase section */
		1E74CBE724D4722E00B9952B /* Resources */ = {
			isa = PBXResourcesBuildPhase;
			buildActionMask = 2147483647;
			files = (
				1E74CBFC24D4723000B9952B /* LaunchScreen.storyboard in Resources */,
				1E74CC0824D4781000B9952B /* GoogleService-Info.plist in Resources */,
				1E74CBF924D4723000B9952B /* Preview Assets.xcassets in Resources */,
				1E74CBF624D4723000B9952B /* Assets.xcassets in Resources */,
			);
			runOnlyForDeploymentPostprocessing = 0;
		};
/* End PBXResourcesBuildPhase section */

/* Begin PBXShellScriptBuildPhase section */
		6EA5682651F9C48BB757D5DE /* [CP] Embed Pods Frameworks */ = {
			isa = PBXShellScriptBuildPhase;
			buildActionMask = 2147483647;
			files = (
			);
			inputFileListPaths = (
				"${PODS_ROOT}/Target Support Files/Pods-davidChat/Pods-davidChat-frameworks-${CONFIGURATION}-input-files.xcfilelist",
			);
			name = "[CP] Embed Pods Frameworks";
			outputFileListPaths = (
				"${PODS_ROOT}/Target Support Files/Pods-davidChat/Pods-davidChat-frameworks-${CONFIGURATION}-output-files.xcfilelist",
			);
			runOnlyForDeploymentPostprocessing = 0;
			shellPath = /bin/sh;
			shellScript = "\"${PODS_ROOT}/Target Support Files/Pods-davidChat/Pods-davidChat-frameworks.sh\"\n";
			showEnvVarsInLog = 0;
		};
		708FF1F88EEB06C6E91896C9 /* [CP] Check Pods Manifest.lock */ = {
			isa = PBXShellScriptBuildPhase;
			buildActionMask = 2147483647;
			files = (
			);
			inputFileListPaths = (
			);
			inputPaths = (
				"${PODS_PODFILE_DIR_PATH}/Podfile.lock",
				"${PODS_ROOT}/Manifest.lock",
			);
			name = "[CP] Check Pods Manifest.lock";
			outputFileListPaths = (
			);
			outputPaths = (
				"$(DERIVED_FILE_DIR)/Pods-davidChat-checkManifestLockResult.txt",
			);
			runOnlyForDeploymentPostprocessing = 0;
			shellPath = /bin/sh;
			shellScript = "diff \"${PODS_PODFILE_DIR_PATH}/Podfile.lock\" \"${PODS_ROOT}/Manifest.lock\" > /dev/null\nif [ $? != 0 ] ; then\n    # print error to STDERR\n    echo \"error: The sandbox is not in sync with the Podfile.lock. Run 'pod install' or update your CocoaPods installation.\" >&2\n    exit 1\nfi\n# This output is used by Xcode 'outputs' to avoid re-running this script phase.\necho \"SUCCESS\" > \"${SCRIPT_OUTPUT_FILE_0}\"\n";
			showEnvVarsInLog = 0;
		};
/* End PBXShellScriptBuildPhase section */

/* Begin PBXSourcesBuildPhase section */
		1E74CBE524D4722E00B9952B /* Sources */ = {
			isa = PBXSourcesBuildPhase;
			buildActionMask = 2147483647;
			files = (
				1EB09BA324D5D6AB0052D554 /* MessageManager.swift in Sources */,
				1EB09B9F24D5D0AE0052D554 /* FirestoreManager.swift in Sources */,
				1EA2FFF324D6101500FF2BD2 /* MessagesView.swift in Sources */,
				1EB09B9624D5CC780052D554 /* ChatsView.swift in Sources */,
				1EB09B9D24D5D0630052D554 /* Chat.swift in Sources */,
				1EA2FFF924D65C8500FF2BD2 /* MultilineTextView.swift in Sources */,
				1E74CBED24D4722E00B9952B /* AppDelegate.swift in Sources */,
				1EB09B9224D487E80052D554 /* EmailTextField.swift in Sources */,
				1EB09B9424D488B00052D554 /* PasswordTextField.swift in Sources */,
				1EB09B9024D486D90052D554 /* BlurView.swift in Sources */,
				1E74CBF224D4722E00B9952B /* davidChat.xcdatamodeld in Sources */,
				1EDFB76424D60B2400D39B64 /* SettingsView.swift in Sources */,
				1E74CBF424D4722E00B9952B /* ContentView.swift in Sources */,
				1E80094324D7472800A07130 /* ScrollManagerView.swift in Sources */,
				1EB09BA124D5D41E0052D554 /* LoginManager.swift in Sources */,
				1EA2FFF524D65A3000FF2BD2 /* MyMessageBubble.swift in Sources */,
				1EB09B9B24D5CE1D0052D554 /* Message.swift in Sources */,
				1E74CC0D24D47CAA00B9952B /* LoginView.swift in Sources */,
				1EB09B8E24D47F6A0052D554 /* SignUpView.swift in Sources */,
				1E74CBEF24D4722E00B9952B /* SceneDelegate.swift in Sources */,
				1EA2FFF724D65B6100FF2BD2 /* UserMessageBubble.swift in Sources */,
			);
			runOnlyForDeploymentPostprocessing = 0;
		};
/* End PBXSourcesBuildPhase section */

/* Begin PBXVariantGroup section */
		1E74CBFA24D4723000B9952B /* LaunchScreen.storyboard */ = {
			isa = PBXVariantGroup;
			children = (
				1E74CBFB24D4723000B9952B /* Base */,
			);
			name = LaunchScreen.storyboard;
			sourceTree = "<group>";
		};
/* End PBXVariantGroup section */

/* Begin XCBuildConfiguration section */
		1E74CBFE24D4723000B9952B /* Debug */ = {
			isa = XCBuildConfiguration;
			buildSettings = {
				ALWAYS_SEARCH_USER_PATHS = NO;
				CLANG_ANALYZER_NONNULL = YES;
				CLANG_ANALYZER_NUMBER_OBJECT_CONVERSION = YES_AGGRESSIVE;
				CLANG_CXX_LANGUAGE_STANDARD = "gnu++14";
				CLANG_CXX_LIBRARY = "libc++";
				CLANG_ENABLE_MODULES = YES;
				CLANG_ENABLE_OBJC_ARC = YES;
				CLANG_ENABLE_OBJC_WEAK = YES;
				CLANG_WARN_BLOCK_CAPTURE_AUTORELEASING = YES;
				CLANG_WARN_BOOL_CONVERSION = YES;
				CLANG_WARN_COMMA = YES;
				CLANG_WARN_CONSTANT_CONVERSION = YES;
				CLANG_WARN_DEPRECATED_OBJC_IMPLEMENTATIONS = YES;
				CLANG_WARN_DIRECT_OBJC_ISA_USAGE = YES_ERROR;
				CLANG_WARN_DOCUMENTATION_COMMENTS = YES;
				CLANG_WARN_EMPTY_BODY = YES;
				CLANG_WARN_ENUM_CONVERSION = YES;
				CLANG_WARN_INFINITE_RECURSION = YES;
				CLANG_WARN_INT_CONVERSION = YES;
				CLANG_WARN_NON_LITERAL_NULL_CONVERSION = YES;
				CLANG_WARN_OBJC_IMPLICIT_RETAIN_SELF = YES;
				CLANG_WARN_OBJC_LITERAL_CONVERSION = YES;
				CLANG_WARN_OBJC_ROOT_CLASS = YES_ERROR;
				CLANG_WARN_RANGE_LOOP_ANALYSIS = YES;
				CLANG_WARN_STRICT_PROTOTYPES = YES;
				CLANG_WARN_SUSPICIOUS_MOVE = YES;
				CLANG_WARN_UNGUARDED_AVAILABILITY = YES_AGGRESSIVE;
				CLANG_WARN_UNREACHABLE_CODE = YES;
				CLANG_WARN__DUPLICATE_METHOD_MATCH = YES;
				COPY_PHASE_STRIP = NO;
				DEBUG_INFORMATION_FORMAT = dwarf;
				ENABLE_STRICT_OBJC_MSGSEND = YES;
				ENABLE_TESTABILITY = YES;
				GCC_C_LANGUAGE_STANDARD = gnu11;
				GCC_DYNAMIC_NO_PIC = NO;
				GCC_NO_COMMON_BLOCKS = YES;
				GCC_OPTIMIZATION_LEVEL = 0;
				GCC_PREPROCESSOR_DEFINITIONS = (
					"DEBUG=1",
					"$(inherited)",
				);
				GCC_WARN_64_TO_32_BIT_CONVERSION = YES;
				GCC_WARN_ABOUT_RETURN_TYPE = YES_ERROR;
				GCC_WARN_UNDECLARED_SELECTOR = YES;
				GCC_WARN_UNINITIALIZED_AUTOS = YES_AGGRESSIVE;
				GCC_WARN_UNUSED_FUNCTION = YES;
				GCC_WARN_UNUSED_VARIABLE = YES;
				IPHONEOS_DEPLOYMENT_TARGET = 13.6;
				MTL_ENABLE_DEBUG_INFO = INCLUDE_SOURCE;
				MTL_FAST_MATH = YES;
				ONLY_ACTIVE_ARCH = YES;
				SDKROOT = iphoneos;
				SWIFT_ACTIVE_COMPILATION_CONDITIONS = DEBUG;
				SWIFT_OPTIMIZATION_LEVEL = "-Onone";
			};
			name = Debug;
		};
		1E74CBFF24D4723000B9952B /* Release */ = {
			isa = XCBuildConfiguration;
			buildSettings = {
				ALWAYS_SEARCH_USER_PATHS = NO;
				CLANG_ANALYZER_NONNULL = YES;
				CLANG_ANALYZER_NUMBER_OBJECT_CONVERSION = YES_AGGRESSIVE;
				CLANG_CXX_LANGUAGE_STANDARD = "gnu++14";
				CLANG_CXX_LIBRARY = "libc++";
				CLANG_ENABLE_MODULES = YES;
				CLANG_ENABLE_OBJC_ARC = YES;
				CLANG_ENABLE_OBJC_WEAK = YES;
				CLANG_WARN_BLOCK_CAPTURE_AUTORELEASING = YES;
				CLANG_WARN_BOOL_CONVERSION = YES;
				CLANG_WARN_COMMA = YES;
				CLANG_WARN_CONSTANT_CONVERSION = YES;
				CLANG_WARN_DEPRECATED_OBJC_IMPLEMENTATIONS = YES;
				CLANG_WARN_DIRECT_OBJC_ISA_USAGE = YES_ERROR;
				CLANG_WARN_DOCUMENTATION_COMMENTS = YES;
				CLANG_WARN_EMPTY_BODY = YES;
				CLANG_WARN_ENUM_CONVERSION = YES;
				CLANG_WARN_INFINITE_RECURSION = YES;
				CLANG_WARN_INT_CONVERSION = YES;
				CLANG_WARN_NON_LITERAL_NULL_CONVERSION = YES;
				CLANG_WARN_OBJC_IMPLICIT_RETAIN_SELF = YES;
				CLANG_WARN_OBJC_LITERAL_CONVERSION = YES;
				CLANG_WARN_OBJC_ROOT_CLASS = YES_ERROR;
				CLANG_WARN_RANGE_LOOP_ANALYSIS = YES;
				CLANG_WARN_STRICT_PROTOTYPES = YES;
				CLANG_WARN_SUSPICIOUS_MOVE = YES;
				CLANG_WARN_UNGUARDED_AVAILABILITY = YES_AGGRESSIVE;
				CLANG_WARN_UNREACHABLE_CODE = YES;
				CLANG_WARN__DUPLICATE_METHOD_MATCH = YES;
				COPY_PHASE_STRIP = NO;
				DEBUG_INFORMATION_FORMAT = "dwarf-with-dsym";
				ENABLE_NS_ASSERTIONS = NO;
				ENABLE_STRICT_OBJC_MSGSEND = YES;
				GCC_C_LANGUAGE_STANDARD = gnu11;
				GCC_NO_COMMON_BLOCKS = YES;
				GCC_WARN_64_TO_32_BIT_CONVERSION = YES;
				GCC_WARN_ABOUT_RETURN_TYPE = YES_ERROR;
				GCC_WARN_UNDECLARED_SELECTOR = YES;
				GCC_WARN_UNINITIALIZED_AUTOS = YES_AGGRESSIVE;
				GCC_WARN_UNUSED_FUNCTION = YES;
				GCC_WARN_UNUSED_VARIABLE = YES;
				IPHONEOS_DEPLOYMENT_TARGET = 13.6;
				MTL_ENABLE_DEBUG_INFO = NO;
				MTL_FAST_MATH = YES;
				SDKROOT = iphoneos;
				SWIFT_COMPILATION_MODE = wholemodule;
				SWIFT_OPTIMIZATION_LEVEL = "-O";
				VALIDATE_PRODUCT = YES;
			};
			name = Release;
		};
		1E74CC0124D4723000B9952B /* Debug */ = {
			isa = XCBuildConfiguration;
			baseConfigurationReference = 39AF6A403419C10FBC936057 /* Pods-davidChat.debug.xcconfig */;
			buildSettings = {
				ASSETCATALOG_COMPILER_APPICON_NAME = AppIcon;
				CODE_SIGN_STYLE = Automatic;
				DEVELOPMENT_ASSET_PATHS = "\"davidChat/Preview Content\"";
				DEVELOPMENT_TEAM = 28LZ2Y9Q6R;
				ENABLE_PREVIEWS = YES;
				INFOPLIST_FILE = davidChat/Info.plist;
				IPHONEOS_DEPLOYMENT_TARGET = 13.2;
				LD_RUNPATH_SEARCH_PATHS = (
					"$(inherited)",
					"@executable_path/Frameworks",
				);
				PRODUCT_BUNDLE_IDENTIFIER = com.davidrozmajzl.davidChat;
				PRODUCT_NAME = "$(TARGET_NAME)";
				SWIFT_VERSION = 5.0;
				TARGETED_DEVICE_FAMILY = 1;
			};
			name = Debug;
		};
		1E74CC0224D4723000B9952B /* Release */ = {
			isa = XCBuildConfiguration;
			baseConfigurationReference = 18B9DBFFA508BE8856A6C56A /* Pods-davidChat.release.xcconfig */;
			buildSettings = {
				ASSETCATALOG_COMPILER_APPICON_NAME = AppIcon;
				CODE_SIGN_STYLE = Automatic;
				DEVELOPMENT_ASSET_PATHS = "\"davidChat/Preview Content\"";
				DEVELOPMENT_TEAM = 28LZ2Y9Q6R;
				ENABLE_PREVIEWS = YES;
				INFOPLIST_FILE = davidChat/Info.plist;
				IPHONEOS_DEPLOYMENT_TARGET = 13.2;
				LD_RUNPATH_SEARCH_PATHS = (
					"$(inherited)",
					"@executable_path/Frameworks",
				);
				PRODUCT_BUNDLE_IDENTIFIER = com.davidrozmajzl.davidChat;
				PRODUCT_NAME = "$(TARGET_NAME)";
				SWIFT_VERSION = 5.0;
				TARGETED_DEVICE_FAMILY = 1;
			};
			name = Release;
		};
/* End XCBuildConfiguration section */

/* Begin XCConfigurationList section */
		1E74CBE424D4722E00B9952B /* Build configuration list for PBXProject "davidChat" */ = {
			isa = XCConfigurationList;
			buildConfigurations = (
				1E74CBFE24D4723000B9952B /* Debug */,
				1E74CBFF24D4723000B9952B /* Release */,
			);
			defaultConfigurationIsVisible = 0;
			defaultConfigurationName = Release;
		};
		1E74CC0024D4723000B9952B /* Build configuration list for PBXNativeTarget "davidChat" */ = {
			isa = XCConfigurationList;
			buildConfigurations = (
				1E74CC0124D4723000B9952B /* Debug */,
				1E74CC0224D4723000B9952B /* Release */,
			);
			defaultConfigurationIsVisible = 0;
			defaultConfigurationName = Release;
		};
/* End XCConfigurationList section */

/* Begin XCVersionGroup section */
		1E74CBF024D4722E00B9952B /* davidChat.xcdatamodeld */ = {
			isa = XCVersionGroup;
			children = (
				1E74CBF124D4722E00B9952B /* davidChat.xcdatamodel */,
			);
			currentVersion = 1E74CBF124D4722E00B9952B /* davidChat.xcdatamodel */;
			path = davidChat.xcdatamodeld;
			sourceTree = "<group>";
			versionGroupType = wrapper.xcdatamodel;
		};
/* End XCVersionGroup section */
	};
	rootObject = 1E74CBE124D4722E00B9952B /* Project object */;
}
